
Microsoft Visual Studio Solution File, Format Version 12.00
# Visual Studio 15
VisualStudioVersion = 15.0.28010.2019
MinimumVisualStudioVersion = 10.0.40219.1
Project("{FAE04EC0-301F-11D3-BF4B-00C04F79EFBC}") = "FilipBlog", "FilipBlog\FilipBlog.csproj", "{C527E816-A79B-471A-996F-67A16D9F6C20}"
EndProject
Global
	GlobalSection(SolutionConfigurationPlatforms) = preSolution
		Debug|Any CPU = Debug|Any CPU
		Release|Any CPU = Release|Any CPU
	EndGlobalSection
	GlobalSection(ProjectConfigurationPlatforms) = postSolution
		{C527E816-A79B-471A-996F-67A16D9F6C20}.Debug|Any CPU.ActiveCfg = Debug|Any CPU
		{C527E816-A79B-471A-996F-67A16D9F6C20}.Debug|Any CPU.Build.0 = Debug|Any CPU
		{C527E816-A79B-471A-996F-67A16D9F6C20}.Release|Any CPU.ActiveCfg = Release|Any CPU
		{C527E816-A79B-471A-996F-67A16D9F6C20}.Release|Any CPU.Build.0 = Release|Any CPU
	EndGlobalSection
	GlobalSection(SolutionProperties) = preSolution
		HideSolutionNode = FALSE
	EndGlobalSection
	GlobalSection(ExtensibilityGlobals) = postSolution
		SolutionGuid = {32A541F2-34FD-49A8-85D7-5E334A501D6D}
	EndGlobalSection
EndGlobal
